
Microsoft Visual Studio Solution File, Format Version 12.00
# Visual Studio Version 17
VisualStudioVersion = 17.5.002.0
MinimumVisualStudioVersion = 10.0.40219.1
Project("{9A19103F-16F7-4668-BE54-9A1E7A4F7556}") = "Book.Api", "Book.Api\Book.Api.csproj", "{0606EA81-6116-4545-A656-4BB2DF5CE41E}"
EndProject
Project("{FAE04EC0-301F-11D3-BF4B-00C04F79EFBC}") = "Book.Api.Tests", "Book.Api.Tests\Book.Api.Tests.csproj", "{F97E3FEB-5F01-40C0-A4FF-DFAA71A3DBD1}"
EndProject
Global
	GlobalSection(SolutionConfigurationPlatforms) = preSolution
		Debug|Any CPU = Debug|Any CPU
		Release|Any CPU = Release|Any CPU
	EndGlobalSection
	GlobalSection(ProjectConfigurationPlatforms) = postSolution
		{0606EA81-6116-4545-A656-4BB2DF5CE41E}.Debug|Any CPU.ActiveCfg = Debug|Any CPU
		{0606EA81-6116-4545-A656-4BB2DF5CE41E}.Debug|Any CPU.Build.0 = Debug|Any CPU
		{0606EA81-6116-4545-A656-4BB2DF5CE41E}.Release|Any CPU.ActiveCfg = Release|Any CPU
		{0606EA81-6116-4545-A656-4BB2DF5CE41E}.Release|Any CPU.Build.0 = Release|Any CPU
		{F97E3FEB-5F01-40C0-A4FF-DFAA71A3DBD1}.Debug|Any CPU.ActiveCfg = Debug|Any CPU
		{F97E3FEB-5F01-40C0-A4FF-DFAA71A3DBD1}.Debug|Any CPU.Build.0 = Debug|Any CPU
		{F97E3FEB-5F01-40C0-A4FF-DFAA71A3DBD1}.Release|Any CPU.ActiveCfg = Release|Any CPU
		{F97E3FEB-5F01-40C0-A4FF-DFAA71A3DBD1}.Release|Any CPU.Build.0 = Release|Any CPU
	EndGlobalSection
	GlobalSection(SolutionProperties) = preSolution
		HideSolutionNode = FALSE
	EndGlobalSection
	GlobalSection(ExtensibilityGlobals) = postSolution
		SolutionGuid = {27B91A47-11D6-4538-8EC3-9368D544BCE8}
	EndGlobalSection
EndGlobal
